// !$*UTF8*$!
{
	archiveVersion = 1;
	classes = {
	};
	objectVersion = 55;
	objects = {

/* Begin PBXBuildFile section */
		435CD6AA2822A14C002F46F8 /* AppDelegate.swift in Sources */ = {isa = PBXBuildFile; fileRef = 435CD6A92822A14C002F46F8 /* AppDelegate.swift */; };
		435CD6AC2822A14C002F46F8 /* SceneDelegate.swift in Sources */ = {isa = PBXBuildFile; fileRef = 435CD6AB2822A14C002F46F8 /* SceneDelegate.swift */; };
		435CD6AE2822A14C002F46F8 /* SignInViewController.swift in Sources */ = {isa = PBXBuildFile; fileRef = 435CD6AD2822A14C002F46F8 /* SignInViewController.swift */; };
		435CD6B12822A14C002F46F8 /* Main.storyboard in Resources */ = {isa = PBXBuildFile; fileRef = 435CD6AF2822A14C002F46F8 /* Main.storyboard */; };
		435CD6B32822A150002F46F8 /* Assets.xcassets in Resources */ = {isa = PBXBuildFile; fileRef = 435CD6B22822A150002F46F8 /* Assets.xcassets */; };
		435CD6B62822A150002F46F8 /* LaunchScreen.storyboard in Resources */ = {isa = PBXBuildFile; fileRef = 435CD6B42822A150002F46F8 /* LaunchScreen.storyboard */; };
		43F2FA942822A4240015A28F /* Font in Resources */ = {isa = PBXBuildFile; fileRef = 43F2FA932822A4240015A28F /* Font */; };
		43F2FA982822A6AF0015A28F /* Alamofire in Frameworks */ = {isa = PBXBuildFile; productRef = 43F2FA972822A6AF0015A28F /* Alamofire */; };
		43F2FA9B2822A6F30015A28F /* SwiftyJSON in Frameworks */ = {isa = PBXBuildFile; productRef = 43F2FA9A2822A6F30015A28F /* SwiftyJSON */; };
		43F2FA9D2822B0440015A28F /* MyButton.swift in Sources */ = {isa = PBXBuildFile; fileRef = 43F2FA9C2822B0440015A28F /* MyButton.swift */; };
/* End PBXBuildFile section */

/* Begin PBXFileReference section */
		435CD6A62822A14C002F46F8 /* Meditation.app */ = {isa = PBXFileReference; explicitFileType = wrapper.application; includeInIndex = 0; path = Meditation.app; sourceTree = BUILT_PRODUCTS_DIR; };
		435CD6A92822A14C002F46F8 /* AppDelegate.swift */ = {isa = PBXFileReference; lastKnownFileType = sourcecode.swift; path = AppDelegate.swift; sourceTree = "<group>"; };
		435CD6AB2822A14C002F46F8 /* SceneDelegate.swift */ = {isa = PBXFileReference; lastKnownFileType = sourcecode.swift; path = SceneDelegate.swift; sourceTree = "<group>"; };
		435CD6AD2822A14C002F46F8 /* SignInViewController.swift */ = {isa = PBXFileReference; lastKnownFileType = sourcecode.swift; path = SignInViewController.swift; sourceTree = "<group>"; };
		435CD6B02822A14C002F46F8 /* Base */ = {isa = PBXFileReference; lastKnownFileType = file.storyboard; name = Base; path = Base.lproj/Main.storyboard; sourceTree = "<group>"; };
		435CD6B22822A150002F46F8 /* Assets.xcassets */ = {isa = PBXFileReference; lastKnownFileType = folder.assetcatalog; path = Assets.xcassets; sourceTree = "<group>"; };
		435CD6B52822A150002F46F8 /* Base */ = {isa = PBXFileReference; lastKnownFileType = file.storyboard; name = Base; path = Base.lproj/LaunchScreen.storyboard; sourceTree = "<group>"; };
		435CD6B72822A150002F46F8 /* Info.plist */ = {isa = PBXFileReference; lastKnownFileType = text.plist.xml; path = Info.plist; sourceTree = "<group>"; };
		43F2FA932822A4240015A28F /* Font */ = {isa = PBXFileReference; lastKnownFileType = folder; path = Font; sourceTree = "<group>"; };
		43F2FA9C2822B0440015A28F /* MyButton.swift */ = {isa = PBXFileReference; lastKnownFileType = sourcecode.swift; name = MyButton.swift; path = "Meditation/Supporting files/MyButton.swift"; sourceTree = SOURCE_ROOT; };
/* End PBXFileReference section */

/* Begin PBXFrameworksBuildPhase section */
		435CD6A32822A14C002F46F8 /* Frameworks */ = {
			isa = PBXFrameworksBuildPhase;
			buildActionMask = 2147483647;
			files = (
				43F2FA9B2822A6F30015A28F /* SwiftyJSON in Frameworks */,
				43F2FA982822A6AF0015A28F /* Alamofire in Frameworks */,
			);
			runOnlyForDeploymentPostprocessing = 0;
		};
/* End PBXFrameworksBuildPhase section */

/* Begin PBXGroup section */
		435CD69D2822A14B002F46F8 = {
			isa = PBXGroup;
			children = (
				435CD6A82822A14C002F46F8 /* Meditation */,
				435CD6A72822A14C002F46F8 /* Products */,
				43F2FA952822A6170015A28F /* Frameworks */,
			);
			sourceTree = "<group>";
		};
		435CD6A72822A14C002F46F8 /* Products */ = {
			isa = PBXGroup;
			children = (
				435CD6A62822A14C002F46F8 /* Meditation.app */,
			);
			name = Products;
			sourceTree = "<group>";
		};
		435CD6A82822A14C002F46F8 /* Meditation */ = {
			isa = PBXGroup;
			children = (
				435CD6BF2822A339002F46F8 /* Supporting files */,
				435CD6C12822A345002F46F8 /* View */,
				435CD6C02822A341002F46F8 /* Controller */,
				43F2FA932822A4240015A28F /* Font */,
				435CD6B72822A150002F46F8 /* Info.plist */,
			);
			path = Meditation;
			sourceTree = "<group>";
		};
		435CD6BF2822A339002F46F8 /* Supporting files */ = {
			isa = PBXGroup;
			children = (
				435CD6A92822A14C002F46F8 /* AppDelegate.swift */,
				435CD6AB2822A14C002F46F8 /* SceneDelegate.swift */,
				435CD6B22822A150002F46F8 /* Assets.xcassets */,
				43F2FA9C2822B0440015A28F /* MyButton.swift */,
			);
			path = "Supporting files";
			sourceTree = "<group>";
		};
		435CD6C02822A341002F46F8 /* Controller */ = {
			isa = PBXGroup;
			children = (
				435CD6AD2822A14C002F46F8 /* SignInViewController.swift */,
			);
			path = Controller;
			sourceTree = "<group>";
		};
		435CD6C12822A345002F46F8 /* View */ = {
			isa = PBXGroup;
			children = (
				435CD6AF2822A14C002F46F8 /* Main.storyboard */,
				435CD6B42822A150002F46F8 /* LaunchScreen.storyboard */,
			);
			path = View;
			sourceTree = "<group>";
		};
		43F2FA952822A6170015A28F /* Frameworks */ = {
			isa = PBXGroup;
			children = (
			);
			name = Frameworks;
			sourceTree = "<group>";
		};
/* End PBXGroup section */

/* Begin PBXNativeTarget section */
		435CD6A52822A14C002F46F8 /* Meditation */ = {
			isa = PBXNativeTarget;
			buildConfigurationList = 435CD6BA2822A150002F46F8 /* Build configuration list for PBXNativeTarget "Meditation" */;
			buildPhases = (
				435CD6A22822A14C002F46F8 /* Sources */,
				435CD6A32822A14C002F46F8 /* Frameworks */,
				435CD6A42822A14C002F46F8 /* Resources */,
			);
			buildRules = (
			);
			dependencies = (
			);
			name = Meditation;
			packageProductDependencies = (
				43F2FA972822A6AF0015A28F /* Alamofire */,
				43F2FA9A2822A6F30015A28F /* SwiftyJSON */,
			);
			productName = Meditation;
			productReference = 435CD6A62822A14C002F46F8 /* Meditation.app */;
			productType = "com.apple.product-type.application";
		};
/* End PBXNativeTarget section */

/* Begin PBXProject section */
		435CD69E2822A14B002F46F8 /* Project object */ = {
			isa = PBXProject;
			attributes = {
				BuildIndependentTargetsInParallel = 1;
				LastSwiftUpdateCheck = 1330;
				LastUpgradeCheck = 1330;
				TargetAttributes = {
					435CD6A52822A14C002F46F8 = {
						CreatedOnToolsVersion = 13.3.1;
					};
				};
			};
			buildConfigurationList = 435CD6A12822A14B002F46F8 /* Build configuration list for PBXProject "Meditation" */;
			compatibilityVersion = "Xcode 13.0";
			developmentRegion = en;
			hasScannedForEncodings = 0;
			knownRegions = (
				en,
				Base,
			);
			mainGroup = 435CD69D2822A14B002F46F8;
			packageReferences = (
				43F2FA962822A6AF0015A28F /* XCRemoteSwiftPackageReference "alamofire" */,
				43F2FA992822A6F30015A28F /* XCRemoteSwiftPackageReference "swiftyJSON" */,
			);
			productRefGroup = 435CD6A72822A14C002F46F8 /* Products */;
			projectDirPath = "";
			projectRoot = "";
			targets = (
				435CD6A52822A14C002F46F8 /* Meditation */,
			);
		};
/* End PBXProject section */

/* Begin PBXResourcesBuildPhase section */
		435CD6A42822A14C002F46F8 /* Resources */ = {
			isa = PBXResourcesBuildPhase;
			buildActionMask = 2147483647;
			files = (
				435CD6B62822A150002F46F8 /* LaunchScreen.storyboard in Resources */,
				435CD6B32822A150002F46F8 /* Assets.xcassets in Resources */,
				435CD6B12822A14C002F46F8 /* Main.storyboard in Resources */,
				43F2FA942822A4240015A28F /* Font in Resources */,
			);
			runOnlyForDeploymentPostprocessing = 0;
		};
/* End PBXResourcesBuildPhase section */

/* Begin PBXSourcesBuildPhase section */
		435CD6A22822A14C002F46F8 /* Sources */ = {
			isa = PBXSourcesBuildPhase;
			buildActionMask = 2147483647;
			files = (
				435CD6AE2822A14C002F46F8 /* SignInViewController.swift in Sources */,
				435CD6AA2822A14C002F46F8 /* AppDelegate.swift in Sources */,
				435CD6AC2822A14C002F46F8 /* SceneDelegate.swift in Sources */,
				43F2FA9D2822B0440015A28F /* MyButton.swift in Sources */,
			);
			runOnlyForDeploymentPostprocessing = 0;
		};
/* End PBXSourcesBuildPhase section */

/* Begin PBXVariantGroup section */
		435CD6AF2822A14C002F46F8 /* Main.storyboard */ = {
			isa = PBXVariantGroup;
			children = (
				435CD6B02822A14C002F46F8 /* Base */,
			);
			name = Main.storyboard;
			sourceTree = "<group>";
		};
		435CD6B42822A150002F46F8 /* LaunchScreen.storyboard */ = {
			isa = PBXVariantGroup;
			children = (
				435CD6B52822A150002F46F8 /* Base */,
			);
			name = LaunchScreen.storyboard;
			sourceTree = "<group>";
		};
/* End PBXVariantGroup section */

/* Begin XCBuildConfiguration section */
		435CD6B82822A150002F46F8 /* Debug */ = {
			isa = XCBuildConfiguration;
			buildSettings = {
				ALWAYS_SEARCH_USER_PATHS = NO;
				CLANG_ANALYZER_NONNULL = YES;
				CLANG_ANALYZER_NUMBER_OBJECT_CONVERSION = YES_AGGRESSIVE;
				CLANG_CXX_LANGUAGE_STANDARD = "gnu++17";
				CLANG_ENABLE_MODULES = YES;
				CLANG_ENABLE_OBJC_ARC = YES;
				CLANG_ENABLE_OBJC_WEAK = YES;
				CLANG_WARN_BLOCK_CAPTURE_AUTORELEASING = YES;
				CLANG_WARN_BOOL_CONVERSION = YES;
				CLANG_WARN_COMMA = YES;
				CLANG_WARN_CONSTANT_CONVERSION = YES;
				CLANG_WARN_DEPRECATED_OBJC_IMPLEMENTATIONS = YES;
				CLANG_WARN_DIRECT_OBJC_ISA_USAGE = YES_ERROR;
				CLANG_WARN_DOCUMENTATION_COMMENTS = YES;
				CLANG_WARN_EMPTY_BODY = YES;
				CLANG_WARN_ENUM_CONVERSION = YES;
				CLANG_WARN_INFINITE_RECURSION = YES;
				CLANG_WARN_INT_CONVERSION = YES;
				CLANG_WARN_NON_LITERAL_NULL_CONVERSION = YES;
				CLANG_WARN_OBJC_IMPLICIT_RETAIN_SELF = YES;
				CLANG_WARN_OBJC_LITERAL_CONVERSION = YES;
				CLANG_WARN_OBJC_ROOT_CLASS = YES_ERROR;
				CLANG_WARN_QUOTED_INCLUDE_IN_FRAMEWORK_HEADER = YES;
				CLANG_WARN_RANGE_LOOP_ANALYSIS = YES;
				CLANG_WARN_STRICT_PROTOTYPES = YES;
				CLANG_WARN_SUSPICIOUS_MOVE = YES;
				CLANG_WARN_UNGUARDED_AVAILABILITY = YES_AGGRESSIVE;
				CLANG_WARN_UNREACHABLE_CODE = YES;
				CLANG_WARN__DUPLICATE_METHOD_MATCH = YES;
				COPY_PHASE_STRIP = NO;
				DEBUG_INFORMATION_FORMAT = dwarf;
				ENABLE_STRICT_OBJC_MSGSEND = YES;
				ENABLE_TESTABILITY = YES;
				GCC_C_LANGUAGE_STANDARD = gnu11;
				GCC_DYNAMIC_NO_PIC = NO;
				GCC_NO_COMMON_BLOCKS = YES;
				GCC_OPTIMIZATION_LEVEL = 0;
				GCC_PREPROCESSOR_DEFINITIONS = (
					"DEBUG=1",
					"$(inherited)",
				);
				GCC_WARN_64_TO_32_BIT_CONVERSION = YES;
				GCC_WARN_ABOUT_RETURN_TYPE = YES_ERROR;
				GCC_WARN_UNDECLARED_SELECTOR = YES;
				GCC_WARN_UNINITIALIZED_AUTOS = YES_AGGRESSIVE;
				GCC_WARN_UNUSED_FUNCTION = YES;
				GCC_WARN_UNUSED_VARIABLE = YES;
				IPHONEOS_DEPLOYMENT_TARGET = 13.0;
				MTL_ENABLE_DEBUG_INFO = INCLUDE_SOURCE;
				MTL_FAST_MATH = YES;
				ONLY_ACTIVE_ARCH = YES;
				SDKROOT = iphoneos;
				SWIFT_ACTIVE_COMPILATION_CONDITIONS = DEBUG;
				SWIFT_OPTIMIZATION_LEVEL = "-Onone";
			};
			name = Debug;
		};
		435CD6B92822A150002F46F8 /* Release */ = {
			isa = XCBuildConfiguration;
			buildSettings = {
				ALWAYS_SEARCH_USER_PATHS = NO;
				CLANG_ANALYZER_NONNULL = YES;
				CLANG_ANALYZER_NUMBER_OBJECT_CONVERSION = YES_AGGRESSIVE;
				CLANG_CXX_LANGUAGE_STANDARD = "gnu++17";
				CLANG_ENABLE_MODULES = YES;
				CLANG_ENABLE_OBJC_ARC = YES;
				CLANG_ENABLE_OBJC_WEAK = YES;
				CLANG_WARN_BLOCK_CAPTURE_AUTORELEASING = YES;
				CLANG_WARN_BOOL_CONVERSION = YES;
				CLANG_WARN_COMMA = YES;
				CLANG_WARN_CONSTANT_CONVERSION = YES;
				CLANG_WARN_DEPRECATED_OBJC_IMPLEMENTATIONS = YES;
				CLANG_WARN_DIRECT_OBJC_ISA_USAGE = YES_ERROR;
				CLANG_WARN_DOCUMENTATION_COMMENTS = YES;
				CLANG_WARN_EMPTY_BODY = YES;
				CLANG_WARN_ENUM_CONVERSION = YES;
				CLANG_WARN_INFINITE_RECURSION = YES;
				CLANG_WARN_INT_CONVERSION = YES;
				CLANG_WARN_NON_LITERAL_NULL_CONVERSION = YES;
				CLANG_WARN_OBJC_IMPLICIT_RETAIN_SELF = YES;
				CLANG_WARN_OBJC_LITERAL_CONVERSION = YES;
				CLANG_WARN_OBJC_ROOT_CLASS = YES_ERROR;
				CLANG_WARN_QUOTED_INCLUDE_IN_FRAMEWORK_HEADER = YES;
				CLANG_WARN_RANGE_LOOP_ANALYSIS = YES;
				CLANG_WARN_STRICT_PROTOTYPES = YES;
				CLANG_WARN_SUSPICIOUS_MOVE = YES;
				CLANG_WARN_UNGUARDED_AVAILABILITY = YES_AGGRESSIVE;
				CLANG_WARN_UNREACHABLE_CODE = YES;
				CLANG_WARN__DUPLICATE_METHOD_MATCH = YES;
				COPY_PHASE_STRIP = NO;
				DEBUG_INFORMATION_FORMAT = "dwarf-with-dsym";
				ENABLE_NS_ASSERTIONS = NO;
				ENABLE_STRICT_OBJC_MSGSEND = YES;
				GCC_C_LANGUAGE_STANDARD = gnu11;
				GCC_NO_COMMON_BLOCKS = YES;
				GCC_WARN_64_TO_32_BIT_CONVERSION = YES;
				GCC_WARN_ABOUT_RETURN_TYPE = YES_ERROR;
				GCC_WARN_UNDECLARED_SELECTOR = YES;
				GCC_WARN_UNINITIALIZED_AUTOS = YES_AGGRESSIVE;
				GCC_WARN_UNUSED_FUNCTION = YES;
				GCC_WARN_UNUSED_VARIABLE = YES;
				IPHONEOS_DEPLOYMENT_TARGET = 13.0;
				MTL_ENABLE_DEBUG_INFO = NO;
				MTL_FAST_MATH = YES;
				SDKROOT = iphoneos;
				SWIFT_COMPILATION_MODE = wholemodule;
				SWIFT_OPTIMIZATION_LEVEL = "-O";
				VALIDATE_PRODUCT = YES;
			};
			name = Release;
		};
		435CD6BB2822A150002F46F8 /* Debug */ = {
			isa = XCBuildConfiguration;
			buildSettings = {
				ASSETCATALOG_COMPILER_APPICON_NAME = AppIcon;
				ASSETCATALOG_COMPILER_GLOBAL_ACCENT_COLOR_NAME = AccentColor;
				CODE_SIGN_STYLE = Automatic;
				CURRENT_PROJECT_VERSION = 1;
				DEVELOPMENT_TEAM = YN96J64GT3;
				GENERATE_INFOPLIST_FILE = YES;
				INFOPLIST_FILE = Meditation/Info.plist;
				INFOPLIST_KEY_UIApplicationSupportsIndirectInputEvents = YES;
				INFOPLIST_KEY_UILaunchStoryboardName = LaunchScreen;
				INFOPLIST_KEY_UIMainStoryboardFile = Main;
				INFOPLIST_KEY_UISupportedInterfaceOrientations_iPad = "UIInterfaceOrientationPortrait UIInterfaceOrientationPortraitUpsideDown UIInterfaceOrientationLandscapeLeft UIInterfaceOrientationLandscapeRight";
				INFOPLIST_KEY_UISupportedInterfaceOrientations_iPhone = "UIInterfaceOrientationPortrait UIInterfaceOrientationLandscapeLeft UIInterfaceOrientationLandscapeRight";
				LD_RUNPATH_SEARCH_PATHS = (
					"$(inherited)",
					"@executable_path/Frameworks",
				);
				MARKETING_VERSION = 1.0;
				PRODUCT_BUNDLE_IDENTIFIER = com.dariafediashova.Meditation;
				PRODUCT_NAME = "$(TARGET_NAME)";
				SWIFT_EMIT_LOC_STRINGS = YES;
				SWIFT_VERSION = 5.0;
				TARGETED_DEVICE_FAMILY = 1;
			};
			name = Debug;
		};
		435CD6BC2822A150002F46F8 /* Release */ = {
			isa = XCBuildConfiguration;
			buildSettings = {
				ASSETCATALOG_COMPILER_APPICON_NAME = AppIcon;
				ASSETCATALOG_COMPILER_GLOBAL_ACCENT_COLOR_NAME = AccentColor;
				CODE_SIGN_STYLE = Automatic;
				CURRENT_PROJECT_VERSION = 1;
				DEVELOPMENT_TEAM = YN96J64GT3;
				GENERATE_INFOPLIST_FILE = YES;
				INFOPLIST_FILE = Meditation/Info.plist;
				INFOPLIST_KEY_UIApplicationSupportsIndirectInputEvents = YES;
				INFOPLIST_KEY_UILaunchStoryboardName = LaunchScreen;
				INFOPLIST_KEY_UIMainStoryboardFile = Main;
				INFOPLIST_KEY_UISupportedInterfaceOrientations_iPad = "UIInterfaceOrientationPortrait UIInterfaceOrientationPortraitUpsideDown UIInterfaceOrientationLandscapeLeft UIInterfaceOrientationLandscapeRight";
				INFOPLIST_KEY_UISupportedInterfaceOrientations_iPhone = "UIInterfaceOrientationPortrait UIInterfaceOrientationLandscapeLeft UIInterfaceOrientationLandscapeRight";
				LD_RUNPATH_SEARCH_PATHS = (
					"$(inherited)",
					"@executable_path/Frameworks",
				);
				MARKETING_VERSION = 1.0;
				PRODUCT_BUNDLE_IDENTIFIER = com.dariafediashova.Meditation;
				PRODUCT_NAME = "$(TARGET_NAME)";
				SWIFT_EMIT_LOC_STRINGS = YES;
				SWIFT_VERSION = 5.0;
				TARGETED_DEVICE_FAMILY = 1;
			};
			name = Release;
		};
/* End XCBuildConfiguration section */

/* Begin XCConfigurationList section */
		435CD6A12822A14B002F46F8 /* Build configuration list for PBXProject "Meditation" */ = {
			isa = XCConfigurationList;
			buildConfigurations = (
				435CD6B82822A150002F46F8 /* Debug */,
				435CD6B92822A150002F46F8 /* Release */,
			);
			defaultConfigurationIsVisible = 0;
			defaultConfigurationName = Release;
		};
		435CD6BA2822A150002F46F8 /* Build configuration list for PBXNativeTarget "Meditation" */ = {
			isa = XCConfigurationList;
			buildConfigurations = (
				435CD6BB2822A150002F46F8 /* Debug */,
				435CD6BC2822A150002F46F8 /* Release */,
			);
			defaultConfigurationIsVisible = 0;
			defaultConfigurationName = Release;
		};
/* End XCConfigurationList section */

/* Begin XCRemoteSwiftPackageReference section */
		43F2FA962822A6AF0015A28F /* XCRemoteSwiftPackageReference "alamofire" */ = {
			isa = XCRemoteSwiftPackageReference;
			repositoryURL = "http://github.com/alamofire/alamofire";
			requirement = {
				kind = upToNextMajorVersion;
				minimumVersion = 5.0.0;
			};
		};
		43F2FA992822A6F30015A28F /* XCRemoteSwiftPackageReference "swiftyJSON" */ = {
			isa = XCRemoteSwiftPackageReference;
			repositoryURL = "http://github.com/swiftyJSON/swiftyJSON/";
			requirement = {
				branch = master;
				kind = branch;
			};
		};
/* End XCRemoteSwiftPackageReference section */

/* Begin XCSwiftPackageProductDependency section */
		43F2FA972822A6AF0015A28F /* Alamofire */ = {
			isa = XCSwiftPackageProductDependency;
			package = 43F2FA962822A6AF0015A28F /* XCRemoteSwiftPackageReference "alamofire" */;
			productName = Alamofire;
		};
		43F2FA9A2822A6F30015A28F /* SwiftyJSON */ = {
			isa = XCSwiftPackageProductDependency;
			package = 43F2FA992822A6F30015A28F /* XCRemoteSwiftPackageReference "swiftyJSON" */;
			productName = SwiftyJSON;
		};
/* End XCSwiftPackageProductDependency section */
	};
	rootObject = 435CD69E2822A14B002F46F8 /* Project object */;
}
